
Microsoft Visual Studio Solution File, Format Version 12.00
# Visual Studio Version 17
VisualStudioVersion = 17.3.32825.248
MinimumVisualStudioVersion = 10.0.40219.1
Project("{FAE04EC0-301F-11D3-BF4B-00C04F79EFBC}") = "JsonToText", "JsonToText\JsonToText.csproj", "{9EC84B74-7654-420D-B21D-8C627CC35C0A}"
EndProject
Global
	GlobalSection(SolutionConfigurationPlatforms) = preSolution
		Debug|Any CPU = Debug|Any CPU
		Release|Any CPU = Release|Any CPU
	EndGlobalSection
	GlobalSection(ProjectConfigurationPlatforms) = postSolution
		{9EC84B74-7654-420D-B21D-8C627CC35C0A}.Debug|Any CPU.ActiveCfg = Debug|Any CPU
		{9EC84B74-7654-420D-B21D-8C627CC35C0A}.Debug|Any CPU.Build.0 = Debug|Any CPU
		{9EC84B74-7654-420D-B21D-8C627CC35C0A}.Release|Any CPU.ActiveCfg = Release|Any CPU
		{9EC84B74-7654-420D-B21D-8C627CC35C0A}.Release|Any CPU.Build.0 = Release|Any CPU
	EndGlobalSection
	GlobalSection(SolutionProperties) = preSolution
		HideSolutionNode = FALSE
	EndGlobalSection
	GlobalSection(ExtensibilityGlobals) = postSolution
		SolutionGuid = {75F95F2D-6C18-4A7B-8761-554B4652A8B8}
	EndGlobalSection
EndGlobal
